
Microsoft Visual Studio Solution File, Format Version 12.00
# Visual Studio Version 16
VisualStudioVersion = 16.0.30320.27
MinimumVisualStudioVersion = 10.0.40219.1
Project("{FAE04EC0-301F-11D3-BF4B-00C04F79EFBC}") = "Assignment2", "Assignment2.csproj", "{DBCABE1E-70C9-4C77-BC45-48819592A4FE}"
EndProject
Global
	GlobalSection(SolutionConfigurationPlatforms) = preSolution
		Debug|Any CPU = Debug|Any CPU
		Release|Any CPU = Release|Any CPU
	EndGlobalSection
	GlobalSection(ProjectConfigurationPlatforms) = postSolution
		{DBCABE1E-70C9-4C77-BC45-48819592A4FE}.Debug|Any CPU.ActiveCfg = Debug|Any CPU
		{DBCABE1E-70C9-4C77-BC45-48819592A4FE}.Debug|Any CPU.Build.0 = Debug|Any CPU
		{DBCABE1E-70C9-4C77-BC45-48819592A4FE}.Release|Any CPU.ActiveCfg = Release|Any CPU
		{DBCABE1E-70C9-4C77-BC45-48819592A4FE}.Release|Any CPU.Build.0 = Release|Any CPU
	EndGlobalSection
	GlobalSection(SolutionProperties) = preSolution
		HideSolutionNode = FALSE
	EndGlobalSection
	GlobalSection(ExtensibilityGlobals) = postSolution
		SolutionGuid = {F3E6C270-1B57-4A59-88FC-F41E00258CE2}
	EndGlobalSection
EndGlobal
